// !$*UTF8*$!
{
	archiveVersion = 1;
	classes = {
	};
	objectVersion = 55;
	objects = {

/* Begin PBXBuildFile section */
		425BBFBF27DB64B20049E94B /* LocationInfoView.swift in Sources */ = {isa = PBXBuildFile; fileRef = 425BBFBE27DB64B20049E94B /* LocationInfoView.swift */; };
		4284F42B27DA0E5C00200C87 /* SwiftUIAppTutorialWithMVVMAndMapKitApp.swift in Sources */ = {isa = PBXBuildFile; fileRef = 4284F42A27DA0E5C00200C87 /* SwiftUIAppTutorialWithMVVMAndMapKitApp.swift */; };
		4284F42D27DA0E5C00200C87 /* ContentView.swift in Sources */ = {isa = PBXBuildFile; fileRef = 4284F42C27DA0E5C00200C87 /* ContentView.swift */; };
		4284F43227DA0E5E00200C87 /* Preview Assets.xcassets in Resources */ = {isa = PBXBuildFile; fileRef = 4284F43127DA0E5E00200C87 /* Preview Assets.xcassets */; };
		4284F43B27DA187000200C87 /* Assets.xcassets in Resources */ = {isa = PBXBuildFile; fileRef = 4284F43A27DA187000200C87 /* Assets.xcassets */; };
		4284F44027DA1A6B00200C87 /* Location.swift in Sources */ = {isa = PBXBuildFile; fileRef = 4284F43F27DA1A6B00200C87 /* Location.swift */; };
		4284F44327DA1BD400200C87 /* LocationsDataService.swift in Sources */ = {isa = PBXBuildFile; fileRef = 4284F44227DA1BD400200C87 /* LocationsDataService.swift */; };
		4284F44527DA1F2900200C87 /* LocationsView.swift in Sources */ = {isa = PBXBuildFile; fileRef = 4284F44427DA1F2900200C87 /* LocationsView.swift */; };
		4284F44727DA252900200C87 /* LocationsViewModel.swift in Sources */ = {isa = PBXBuildFile; fileRef = 4284F44627DA252900200C87 /* LocationsViewModel.swift */; };
		4284F44927DA5C1000200C87 /* LocatonsListView.swift in Sources */ = {isa = PBXBuildFile; fileRef = 4284F44827DA5C1000200C87 /* LocatonsListView.swift */; };
		4284F44B27DA753F00200C87 /* LocationPreview.swift in Sources */ = {isa = PBXBuildFile; fileRef = 4284F44A27DA753E00200C87 /* LocationPreview.swift */; };
		4284F44D27DB4AD800200C87 /* LocationMapAnotation.swift in Sources */ = {isa = PBXBuildFile; fileRef = 4284F44C27DB4AD800200C87 /* LocationMapAnotation.swift */; };
/* End PBXBuildFile section */

/* Begin PBXFileReference section */
		425BBFBE27DB64B20049E94B /* LocationInfoView.swift */ = {isa = PBXFileReference; lastKnownFileType = sourcecode.swift; path = LocationInfoView.swift; sourceTree = "<group>"; };
		4284F42727DA0E5C00200C87 /* SwiftUIAppTutorialWithMVVMAndMapKit.app */ = {isa = PBXFileReference; explicitFileType = wrapper.application; includeInIndex = 0; path = SwiftUIAppTutorialWithMVVMAndMapKit.app; sourceTree = BUILT_PRODUCTS_DIR; };
		4284F42A27DA0E5C00200C87 /* SwiftUIAppTutorialWithMVVMAndMapKitApp.swift */ = {isa = PBXFileReference; lastKnownFileType = sourcecode.swift; path = SwiftUIAppTutorialWithMVVMAndMapKitApp.swift; sourceTree = "<group>"; };
		4284F42C27DA0E5C00200C87 /* ContentView.swift */ = {isa = PBXFileReference; lastKnownFileType = sourcecode.swift; path = ContentView.swift; sourceTree = "<group>"; };
		4284F43127DA0E5E00200C87 /* Preview Assets.xcassets */ = {isa = PBXFileReference; lastKnownFileType = folder.assetcatalog; path = "Preview Assets.xcassets"; sourceTree = "<group>"; };
		4284F43A27DA187000200C87 /* Assets.xcassets */ = {isa = PBXFileReference; lastKnownFileType = folder.assetcatalog; name = Assets.xcassets; path = "../../../Downloads/SwiftfulMapApp-Downloads/Assets.xcassets"; sourceTree = "<group>"; };
		4284F43F27DA1A6B00200C87 /* Location.swift */ = {isa = PBXFileReference; lastKnownFileType = sourcecode.swift; path = Location.swift; sourceTree = "<group>"; };
		4284F44227DA1BD400200C87 /* LocationsDataService.swift */ = {isa = PBXFileReference; fileEncoding = 4; lastKnownFileType = sourcecode.swift; path = LocationsDataService.swift; sourceTree = "<group>"; };
		4284F44427DA1F2900200C87 /* LocationsView.swift */ = {isa = PBXFileReference; lastKnownFileType = sourcecode.swift; path = LocationsView.swift; sourceTree = "<group>"; };
		4284F44627DA252900200C87 /* LocationsViewModel.swift */ = {isa = PBXFileReference; lastKnownFileType = sourcecode.swift; path = LocationsViewModel.swift; sourceTree = "<group>"; };
		4284F44827DA5C1000200C87 /* LocatonsListView.swift */ = {isa = PBXFileReference; lastKnownFileType = sourcecode.swift; path = LocatonsListView.swift; sourceTree = "<group>"; };
		4284F44A27DA753E00200C87 /* LocationPreview.swift */ = {isa = PBXFileReference; lastKnownFileType = sourcecode.swift; path = LocationPreview.swift; sourceTree = "<group>"; };
		4284F44C27DB4AD800200C87 /* LocationMapAnotation.swift */ = {isa = PBXFileReference; lastKnownFileType = sourcecode.swift; path = LocationMapAnotation.swift; sourceTree = "<group>"; };
/* End PBXFileReference section */

/* Begin PBXFrameworksBuildPhase section */
		4284F42427DA0E5C00200C87 /* Frameworks */ = {
			isa = PBXFrameworksBuildPhase;
			buildActionMask = 2147483647;
			files = (
			);
			runOnlyForDeploymentPostprocessing = 0;
		};
/* End PBXFrameworksBuildPhase section */

/* Begin PBXGroup section */
		4284F41E27DA0E5C00200C87 = {
			isa = PBXGroup;
			children = (
				4284F42927DA0E5C00200C87 /* SwiftUIAppTutorialWithMVVMAndMapKit */,
				4284F42827DA0E5C00200C87 /* Products */,
			);
			sourceTree = "<group>";
		};
		4284F42827DA0E5C00200C87 /* Products */ = {
			isa = PBXGroup;
			children = (
				4284F42727DA0E5C00200C87 /* SwiftUIAppTutorialWithMVVMAndMapKit.app */,
			);
			name = Products;
			sourceTree = "<group>";
		};
		4284F42927DA0E5C00200C87 /* SwiftUIAppTutorialWithMVVMAndMapKit */ = {
			isa = PBXGroup;
			children = (
				4284F42A27DA0E5C00200C87 /* SwiftUIAppTutorialWithMVVMAndMapKitApp.swift */,
				4284F42C27DA0E5C00200C87 /* ContentView.swift */,
				4284F44127DA1BA500200C87 /* DataServices */,
				4284F43E27DA1A1C00200C87 /* ViewModels */,
				4284F43D27DA1A1900200C87 /* Views */,
				4284F43C27DA1A1500200C87 /* Models */,
				4284F43A27DA187000200C87 /* Assets.xcassets */,
				4284F43027DA0E5E00200C87 /* Preview Content */,
			);
			path = SwiftUIAppTutorialWithMVVMAndMapKit;
			sourceTree = "<group>";
		};
		4284F43027DA0E5E00200C87 /* Preview Content */ = {
			isa = PBXGroup;
			children = (
				4284F43127DA0E5E00200C87 /* Preview Assets.xcassets */,
			);
			path = "Preview Content";
			sourceTree = "<group>";
		};
		4284F43C27DA1A1500200C87 /* Models */ = {
			isa = PBXGroup;
			children = (
				4284F43F27DA1A6B00200C87 /* Location.swift */,
			);
			path = Models;
			sourceTree = "<group>";
		};
		4284F43D27DA1A1900200C87 /* Views */ = {
			isa = PBXGroup;
			children = (
				4284F44427DA1F2900200C87 /* LocationsView.swift */,
				4284F44827DA5C1000200C87 /* LocatonsListView.swift */,
				4284F44A27DA753E00200C87 /* LocationPreview.swift */,
				4284F44C27DB4AD800200C87 /* LocationMapAnotation.swift */,
				425BBFBE27DB64B20049E94B /* LocationInfoView.swift */,
			);
			path = Views;
			sourceTree = "<group>";
		};
		4284F43E27DA1A1C00200C87 /* ViewModels */ = {
			isa = PBXGroup;
			children = (
				4284F44627DA252900200C87 /* LocationsViewModel.swift */,
			);
			path = ViewModels;
			sourceTree = "<group>";
		};
		4284F44127DA1BA500200C87 /* DataServices */ = {
			isa = PBXGroup;
			children = (
				4284F44227DA1BD400200C87 /* LocationsDataService.swift */,
			);
			path = DataServices;
			sourceTree = "<group>";
		};
/* End PBXGroup section */

/* Begin PBXNativeTarget section */
		4284F42627DA0E5C00200C87 /* SwiftUIAppTutorialWithMVVMAndMapKit */ = {
			isa = PBXNativeTarget;
			buildConfigurationList = 4284F43527DA0E5E00200C87 /* Build configuration list for PBXNativeTarget "SwiftUIAppTutorialWithMVVMAndMapKit" */;
			buildPhases = (
				4284F42327DA0E5C00200C87 /* Sources */,
				4284F42427DA0E5C00200C87 /* Frameworks */,
				4284F42527DA0E5C00200C87 /* Resources */,
			);
			buildRules = (
			);
			dependencies = (
			);
			name = SwiftUIAppTutorialWithMVVMAndMapKit;
			productName = SwiftUIAppTutorialWithMVVMAndMapKit;
			productReference = 4284F42727DA0E5C00200C87 /* SwiftUIAppTutorialWithMVVMAndMapKit.app */;
			productType = "com.apple.product-type.application";
		};
/* End PBXNativeTarget section */

/* Begin PBXProject section */
		4284F41F27DA0E5C00200C87 /* Project object */ = {
			isa = PBXProject;
			attributes = {
				BuildIndependentTargetsInParallel = 1;
				LastSwiftUpdateCheck = 1320;
				LastUpgradeCheck = 1320;
				TargetAttributes = {
					4284F42627DA0E5C00200C87 = {
						CreatedOnToolsVersion = 13.2;
					};
				};
			};
			buildConfigurationList = 4284F42227DA0E5C00200C87 /* Build configuration list for PBXProject "SwiftUIAppTutorialWithMVVMAndMapKit" */;
			compatibilityVersion = "Xcode 13.0";
			developmentRegion = en;
			hasScannedForEncodings = 0;
			knownRegions = (
				en,
				Base,
			);
			mainGroup = 4284F41E27DA0E5C00200C87;
			productRefGroup = 4284F42827DA0E5C00200C87 /* Products */;
			projectDirPath = "";
			projectRoot = "";
			targets = (
				4284F42627DA0E5C00200C87 /* SwiftUIAppTutorialWithMVVMAndMapKit */,
			);
		};
/* End PBXProject section */

/* Begin PBXResourcesBuildPhase section */
		4284F42527DA0E5C00200C87 /* Resources */ = {
			isa = PBXResourcesBuildPhase;
			buildActionMask = 2147483647;
			files = (
				4284F43B27DA187000200C87 /* Assets.xcassets in Resources */,
				4284F43227DA0E5E00200C87 /* Preview Assets.xcassets in Resources */,
			);
			runOnlyForDeploymentPostprocessing = 0;
		};
/* End PBXResourcesBuildPhase section */

/* Begin PBXSourcesBuildPhase section */
		4284F42327DA0E5C00200C87 /* Sources */ = {
			isa = PBXSourcesBuildPhase;
			buildActionMask = 2147483647;
			files = (
				4284F44327DA1BD400200C87 /* LocationsDataService.swift in Sources */,
				4284F44727DA252900200C87 /* LocationsViewModel.swift in Sources */,
				4284F42D27DA0E5C00200C87 /* ContentView.swift in Sources */,
				4284F44B27DA753F00200C87 /* LocationPreview.swift in Sources */,
				4284F44527DA1F2900200C87 /* LocationsView.swift in Sources */,
				4284F44D27DB4AD800200C87 /* LocationMapAnotation.swift in Sources */,
				4284F44927DA5C1000200C87 /* LocatonsListView.swift in Sources */,
				425BBFBF27DB64B20049E94B /* LocationInfoView.swift in Sources */,
				4284F44027DA1A6B00200C87 /* Location.swift in Sources */,
				4284F42B27DA0E5C00200C87 /* SwiftUIAppTutorialWithMVVMAndMapKitApp.swift in Sources */,
			);
			runOnlyForDeploymentPostprocessing = 0;
		};
/* End PBXSourcesBuildPhase section */

/* Begin XCBuildConfiguration section */
		4284F43327DA0E5E00200C87 /* Debug */ = {
			isa = XCBuildConfiguration;
			buildSettings = {
				ALWAYS_SEARCH_USER_PATHS = NO;
				CLANG_ANALYZER_NONNULL = YES;
				CLANG_ANALYZER_NUMBER_OBJECT_CONVERSION = YES_AGGRESSIVE;
				CLANG_CXX_LANGUAGE_STANDARD = "gnu++17";
				CLANG_CXX_LIBRARY = "libc++";
				CLANG_ENABLE_MODULES = YES;
				CLANG_ENABLE_OBJC_ARC = YES;
				CLANG_ENABLE_OBJC_WEAK = YES;
				CLANG_WARN_BLOCK_CAPTURE_AUTORELEASING = YES;
				CLANG_WARN_BOOL_CONVERSION = YES;
				CLANG_WARN_COMMA = YES;
				CLANG_WARN_CONSTANT_CONVERSION = YES;
				CLANG_WARN_DEPRECATED_OBJC_IMPLEMENTATIONS = YES;
				CLANG_WARN_DIRECT_OBJC_ISA_USAGE = YES_ERROR;
				CLANG_WARN_DOCUMENTATION_COMMENTS = YES;
				CLANG_WARN_EMPTY_BODY = YES;
				CLANG_WARN_ENUM_CONVERSION = YES;
				CLANG_WARN_INFINITE_RECURSION = YES;
				CLANG_WARN_INT_CONVERSION = YES;
				CLANG_WARN_NON_LITERAL_NULL_CONVERSION = YES;
				CLANG_WARN_OBJC_IMPLICIT_RETAIN_SELF = YES;
				CLANG_WARN_OBJC_LITERAL_CONVERSION = YES;
				CLANG_WARN_OBJC_ROOT_CLASS = YES_ERROR;
				CLANG_WARN_QUOTED_INCLUDE_IN_FRAMEWORK_HEADER = YES;
				CLANG_WARN_RANGE_LOOP_ANALYSIS = YES;
				CLANG_WARN_STRICT_PROTOTYPES = YES;
				CLANG_WARN_SUSPICIOUS_MOVE = YES;
				CLANG_WARN_UNGUARDED_AVAILABILITY = YES_AGGRESSIVE;
				CLANG_WARN_UNREACHABLE_CODE = YES;
				CLANG_WARN__DUPLICATE_METHOD_MATCH = YES;
				COPY_PHASE_STRIP = NO;
				DEBUG_INFORMATION_FORMAT = dwarf;
				ENABLE_STRICT_OBJC_MSGSEND = YES;
				ENABLE_TESTABILITY = YES;
				GCC_C_LANGUAGE_STANDARD = gnu11;
				GCC_DYNAMIC_NO_PIC = NO;
				GCC_NO_COMMON_BLOCKS = YES;
				GCC_OPTIMIZATION_LEVEL = 0;
				GCC_PREPROCESSOR_DEFINITIONS = (
					"DEBUG=1",
					"$(inherited)",
				);
				GCC_WARN_64_TO_32_BIT_CONVERSION = YES;
				GCC_WARN_ABOUT_RETURN_TYPE = YES_ERROR;
				GCC_WARN_UNDECLARED_SELECTOR = YES;
				GCC_WARN_UNINITIALIZED_AUTOS = YES_AGGRESSIVE;
				GCC_WARN_UNUSED_FUNCTION = YES;
				GCC_WARN_UNUSED_VARIABLE = YES;
				IPHONEOS_DEPLOYMENT_TARGET = 15.2;
				MTL_ENABLE_DEBUG_INFO = INCLUDE_SOURCE;
				MTL_FAST_MATH = YES;
				ONLY_ACTIVE_ARCH = YES;
				SDKROOT = iphoneos;
				SWIFT_ACTIVE_COMPILATION_CONDITIONS = DEBUG;
				SWIFT_OPTIMIZATION_LEVEL = "-Onone";
			};
			name = Debug;
		};
		4284F43427DA0E5E00200C87 /* Release */ = {
			isa = XCBuildConfiguration;
			buildSettings = {
				ALWAYS_SEARCH_USER_PATHS = NO;
				CLANG_ANALYZER_NONNULL = YES;
				CLANG_ANALYZER_NUMBER_OBJECT_CONVERSION = YES_AGGRESSIVE;
				CLANG_CXX_LANGUAGE_STANDARD = "gnu++17";
				CLANG_CXX_LIBRARY = "libc++";
				CLANG_ENABLE_MODULES = YES;
				CLANG_ENABLE_OBJC_ARC = YES;
				CLANG_ENABLE_OBJC_WEAK = YES;
				CLANG_WARN_BLOCK_CAPTURE_AUTORELEASING = YES;
				CLANG_WARN_BOOL_CONVERSION = YES;
				CLANG_WARN_COMMA = YES;
				CLANG_WARN_CONSTANT_CONVERSION = YES;
				CLANG_WARN_DEPRECATED_OBJC_IMPLEMENTATIONS = YES;
				CLANG_WARN_DIRECT_OBJC_ISA_USAGE = YES_ERROR;
				CLANG_WARN_DOCUMENTATION_COMMENTS = YES;
				CLANG_WARN_EMPTY_BODY = YES;
				CLANG_WARN_ENUM_CONVERSION = YES;
				CLANG_WARN_INFINITE_RECURSION = YES;
				CLANG_WARN_INT_CONVERSION = YES;
				CLANG_WARN_NON_LITERAL_NULL_CONVERSION = YES;
				CLANG_WARN_OBJC_IMPLICIT_RETAIN_SELF = YES;
				CLANG_WARN_OBJC_LITERAL_CONVERSION = YES;
				CLANG_WARN_OBJC_ROOT_CLASS = YES_ERROR;
				CLANG_WARN_QUOTED_INCLUDE_IN_FRAMEWORK_HEADER = YES;
				CLANG_WARN_RANGE_LOOP_ANALYSIS = YES;
				CLANG_WARN_STRICT_PROTOTYPES = YES;
				CLANG_WARN_SUSPICIOUS_MOVE = YES;
				CLANG_WARN_UNGUARDED_AVAILABILITY = YES_AGGRESSIVE;
				CLANG_WARN_UNREACHABLE_CODE = YES;
				CLANG_WARN__DUPLICATE_METHOD_MATCH = YES;
				COPY_PHASE_STRIP = NO;
				DEBUG_INFORMATION_FORMAT = "dwarf-with-dsym";
				ENABLE_NS_ASSERTIONS = NO;
				ENABLE_STRICT_OBJC_MSGSEND = YES;
				GCC_C_LANGUAGE_STANDARD = gnu11;
				GCC_NO_COMMON_BLOCKS = YES;
				GCC_WARN_64_TO_32_BIT_CONVERSION = YES;
				GCC_WARN_ABOUT_RETURN_TYPE = YES_ERROR;
				GCC_WARN_UNDECLARED_SELECTOR = YES;
				GCC_WARN_UNINITIALIZED_AUTOS = YES_AGGRESSIVE;
				GCC_WARN_UNUSED_FUNCTION = YES;
				GCC_WARN_UNUSED_VARIABLE = YES;
				IPHONEOS_DEPLOYMENT_TARGET = 15.2;
				MTL_ENABLE_DEBUG_INFO = NO;
				MTL_FAST_MATH = YES;
				SDKROOT = iphoneos;
				SWIFT_COMPILATION_MODE = wholemodule;
				SWIFT_OPTIMIZATION_LEVEL = "-O";
				VALIDATE_PRODUCT = YES;
			};
			name = Release;
		};
		4284F43627DA0E5E00200C87 /* Debug */ = {
			isa = XCBuildConfiguration;
			buildSettings = {
				ASSETCATALOG_COMPILER_APPICON_NAME = AppIcon;
				ASSETCATALOG_COMPILER_GLOBAL_ACCENT_COLOR_NAME = AccentColor;
				CODE_SIGN_STYLE = Automatic;
				CURRENT_PROJECT_VERSION = 1;
				DEVELOPMENT_ASSET_PATHS = "\"SwiftUIAppTutorialWithMVVMAndMapKit/Preview Content\"";
				DEVELOPMENT_TEAM = T7G2QUBVY7;
				ENABLE_PREVIEWS = YES;
				GENERATE_INFOPLIST_FILE = YES;
				INFOPLIST_KEY_UIApplicationSceneManifest_Generation = YES;
				INFOPLIST_KEY_UIApplicationSupportsIndirectInputEvents = YES;
				INFOPLIST_KEY_UILaunchScreen_Generation = YES;
				INFOPLIST_KEY_UISupportedInterfaceOrientations_iPad = "UIInterfaceOrientationPortrait UIInterfaceOrientationPortraitUpsideDown UIInterfaceOrientationLandscapeLeft UIInterfaceOrientationLandscapeRight";
				INFOPLIST_KEY_UISupportedInterfaceOrientations_iPhone = "UIInterfaceOrientationPortrait UIInterfaceOrientationLandscapeLeft UIInterfaceOrientationLandscapeRight";
				LD_RUNPATH_SEARCH_PATHS = (
					"$(inherited)",
					"@executable_path/Frameworks",
				);
				MARKETING_VERSION = 1.0;
				PRODUCT_BUNDLE_IDENTIFIER = NazarCompany.SwiftUIAppTutorialWithMVVMAndMapKit;
				PRODUCT_NAME = "$(TARGET_NAME)";
				SWIFT_EMIT_LOC_STRINGS = YES;
				SWIFT_VERSION = 5.0;
				TARGETED_DEVICE_FAMILY = "1,2";
			};
			name = Debug;
		};
		4284F43727DA0E5E00200C87 /* Release */ = {
			isa = XCBuildConfiguration;
			buildSettings = {
				ASSETCATALOG_COMPILER_APPICON_NAME = AppIcon;
				ASSETCATALOG_COMPILER_GLOBAL_ACCENT_COLOR_NAME = AccentColor;
				CODE_SIGN_STYLE = Automatic;
				CURRENT_PROJECT_VERSION = 1;
				DEVELOPMENT_ASSET_PATHS = "\"SwiftUIAppTutorialWithMVVMAndMapKit/Preview Content\"";
				DEVELOPMENT_TEAM = T7G2QUBVY7;
				ENABLE_PREVIEWS = YES;
				GENERATE_INFOPLIST_FILE = YES;
				INFOPLIST_KEY_UIApplicationSceneManifest_Generation = YES;
				INFOPLIST_KEY_UIApplicationSupportsIndirectInputEvents = YES;
				INFOPLIST_KEY_UILaunchScreen_Generation = YES;
				INFOPLIST_KEY_UISupportedInterfaceOrientations_iPad = "UIInterfaceOrientationPortrait UIInterfaceOrientationPortraitUpsideDown UIInterfaceOrientationLandscapeLeft UIInterfaceOrientationLandscapeRight";
				INFOPLIST_KEY_UISupportedInterfaceOrientations_iPhone = "UIInterfaceOrientationPortrait UIInterfaceOrientationLandscapeLeft UIInterfaceOrientationLandscapeRight";
				LD_RUNPATH_SEARCH_PATHS = (
					"$(inherited)",
					"@executable_path/Frameworks",
				);
				MARKETING_VERSION = 1.0;
				PRODUCT_BUNDLE_IDENTIFIER = NazarCompany.SwiftUIAppTutorialWithMVVMAndMapKit;
				PRODUCT_NAME = "$(TARGET_NAME)";
				SWIFT_EMIT_LOC_STRINGS = YES;
				SWIFT_VERSION = 5.0;
				TARGETED_DEVICE_FAMILY = "1,2";
			};
			name = Release;
		};
/* End XCBuildConfiguration section */

/* Begin XCConfigurationList section */
		4284F42227DA0E5C00200C87 /* Build configuration list for PBXProject "SwiftUIAppTutorialWithMVVMAndMapKit" */ = {
			isa = XCConfigurationList;
			buildConfigurations = (
				4284F43327DA0E5E00200C87 /* Debug */,
				4284F43427DA0E5E00200C87 /* Release */,
			);
			defaultConfigurationIsVisible = 0;
			defaultConfigurationName = Release;
		};
		4284F43527DA0E5E00200C87 /* Build configuration list for PBXNativeTarget "SwiftUIAppTutorialWithMVVMAndMapKit" */ = {
			isa = XCConfigurationList;
			buildConfigurations = (
				4284F43627DA0E5E00200C87 /* Debug */,
				4284F43727DA0E5E00200C87 /* Release */,
			);
			defaultConfigurationIsVisible = 0;
			defaultConfigurationName = Release;
		};
/* End XCConfigurationList section */
	};
	rootObject = 4284F41F27DA0E5C00200C87 /* Project object */;
}
